PODS:
  - Masonry (1.1.0)
  - QWTabBar (2.0):
    - Masonry

DEPENDENCIES:
  - QWTabBar (from `../`)

SPEC REPOS:
  https://github.com/CocoaPods/Specs.git:
    - Masonry

EXTERNAL SOURCES:
  QWTabBar:
    :path: "../"

SPEC CHECKSUMS:
  Masonry: 678fab65091a9290e40e2832a55e7ab731aad201
  QWTabBar: 1d52547d6f20d39fd1848dffc8527e4ad675bc0e

PODFILE CHECKSUM: db9a202e894252fee8b6be69cf4f0385322b6526

COCOAPODS: 1.8.4
