// !$*UTF8*$!
{
	archiveVersion = 1;
	classes = {
	};
	objectVersion = 50;
	objects = {

/* Begin PBXBuildFile section */
		00AD1A0DC64DFB82950B2B4D /* libPods-QWTabBarDome.a in Frameworks */ = {isa = PBXBuildFile; fileRef = A74A55B535292BFCAD2E7258 /* libPods-QWTabBarDome.a */; };
		4D0E73FE20941A3600D0034D /* AppDelegate.m in Sources */ = {isa = PBXBuildFile; fileRef = 4D0E73FD20941A3600D0034D /* AppDelegate.m */; };
		4D0E740620941A3700D0034D /* Assets.xcassets in Resources */ = {isa = PBXBuildFile; fileRef = 4D0E740520941A3700D0034D /* Assets.xcassets */; };
		4D0E740C20941A3700D0034D /* main.m in Sources */ = {isa = PBXBuildFile; fileRef = 4D0E740B20941A3700D0034D /* main.m */; };
		4D13E08920A049F8003284FA /* TestViewController.m in Sources */ = {isa = PBXBuildFile; fileRef = 4D13E08820A049F8003284FA /* TestViewController.m */; };
		4D1F6F08209AF128004242E6 /* QWTabBarController.m in Sources */ = {isa = PBXBuildFile; fileRef = 4D1F6F04209AF128004242E6 /* QWTabBarController.m */; };
		7B74433A259031D7005C4BFD /* .gitkeep in Resources */ = {isa = PBXBuildFile; fileRef = 7B744335259031D7005C4BFD /* .gitkeep */; };
		7B74433B259031D7005C4BFD /* QWTabBarItem.m in Sources */ = {isa = PBXBuildFile; fileRef = 7B744337259031D7005C4BFD /* QWTabBarItem.m */; };
		7B74433C259031D7005C4BFD /* QWTabBarBadge.m in Sources */ = {isa = PBXBuildFile; fileRef = 7B744338259031D7005C4BFD /* QWTabBarBadge.m */; };
		7B74433D259031D7005C4BFD /* QWTabBar.m in Sources */ = {isa = PBXBuildFile; fileRef = 7B744339259031D7005C4BFD /* QWTabBar.m */; };
/* End PBXBuildFile section */

/* Begin PBXFileReference section */
		4D0E73F920941A3600D0034D /* QWTabBarDome.app */ = {isa = PBXFileReference; explicitFileType = wrapper.application; includeInIndex = 0; path = QWTabBarDome.app; sourceTree = BUILT_PRODUCTS_DIR; };
		4D0E73FC20941A3600D0034D /* AppDelegate.h */ = {isa = PBXFileReference; lastKnownFileType = sourcecode.c.h; path = AppDelegate.h; sourceTree = "<group>"; };
		4D0E73FD20941A3600D0034D /* AppDelegate.m */ = {isa = PBXFileReference; lastKnownFileType = sourcecode.c.objc; path = AppDelegate.m; sourceTree = "<group>"; };
		4D0E740520941A3700D0034D /* Assets.xcassets */ = {isa = PBXFileReference; lastKnownFileType = folder.assetcatalog; path = Assets.xcassets; sourceTree = "<group>"; };
		4D0E740A20941A3700D0034D /* Info.plist */ = {isa = PBXFileReference; lastKnownFileType = text.plist.xml; path = Info.plist; sourceTree = "<group>"; };
		4D0E740B20941A3700D0034D /* main.m */ = {isa = PBXFileReference; lastKnownFileType = sourcecode.c.objc; path = main.m; sourceTree = "<group>"; };
		4D13E08720A049F8003284FA /* TestViewController.h */ = {isa = PBXFileReference; lastKnownFileType = sourcecode.c.h; path = TestViewController.h; sourceTree = "<group>"; };
		4D13E08820A049F8003284FA /* TestViewController.m */ = {isa = PBXFileReference; lastKnownFileType = sourcecode.c.objc; path = TestViewController.m; sourceTree = "<group>"; };
		4D1F6F00209AF128004242E6 /* QWTabBarController.h */ = {isa = PBXFileReference; fileEncoding = 4; lastKnownFileType = sourcecode.c.h; path = QWTabBarController.h; sourceTree = "<group>"; };
		4D1F6F04209AF128004242E6 /* QWTabBarController.m */ = {isa = PBXFileReference; fileEncoding = 4; lastKnownFileType = sourcecode.c.objc; path = QWTabBarController.m; sourceTree = "<group>"; };
		7B744333259031D7005C4BFD /* QWTabBarItem.h */ = {isa = PBXFileReference; fileEncoding = 4; lastKnownFileType = sourcecode.c.h; path = QWTabBarItem.h; sourceTree = "<group>"; };
		7B744334259031D7005C4BFD /* QWTabBarBadge.h */ = {isa = PBXFileReference; fileEncoding = 4; lastKnownFileType = sourcecode.c.h; path = QWTabBarBadge.h; sourceTree = "<group>"; };
		7B744335259031D7005C4BFD /* .gitkeep */ = {isa = PBXFileReference; fileEncoding = 4; lastKnownFileType = text; path = .gitkeep; sourceTree = "<group>"; };
		7B744336259031D7005C4BFD /* QWTabBar.h */ = {isa = PBXFileReference; fileEncoding = 4; lastKnownFileType = sourcecode.c.h; path = QWTabBar.h; sourceTree = "<group>"; };
		7B744337259031D7005C4BFD /* QWTabBarItem.m */ = {isa = PBXFileReference; fileEncoding = 4; lastKnownFileType = sourcecode.c.objc; path = QWTabBarItem.m; sourceTree = "<group>"; };
		7B744338259031D7005C4BFD /* QWTabBarBadge.m */ = {isa = PBXFileReference; fileEncoding = 4; lastKnownFileType = sourcecode.c.objc; path = QWTabBarBadge.m; sourceTree = "<group>"; };
		7B744339259031D7005C4BFD /* QWTabBar.m */ = {isa = PBXFileReference; fileEncoding = 4; lastKnownFileType = sourcecode.c.objc; path = QWTabBar.m; sourceTree = "<group>"; };
		A5E26367BD959747B2541108 /* Pods-QWTabBarDome.release.xcconfig */ = {isa = PBXFileReference; includeInIndex = 1; lastKnownFileType = text.xcconfig; name = "Pods-QWTabBarDome.release.xcconfig"; path = "Pods/Target Support Files/Pods-QWTabBarDome/Pods-QWTabBarDome.release.xcconfig"; sourceTree = "<group>"; };
		A74A55B535292BFCAD2E7258 /* libPods-QWTabBarDome.a */ = {isa = PBXFileReference; explicitFileType = archive.ar; includeInIndex = 0; path = "libPods-QWTabBarDome.a"; sourceTree = BUILT_PRODUCTS_DIR; };
		A8F8C7E24D720A54D1C81AEE /* Pods-QWTabBarDome.debug.xcconfig */ = {isa = PBXFileReference; includeInIndex = 1; lastKnownFileType = text.xcconfig; name = "Pods-QWTabBarDome.debug.xcconfig"; path = "Pods/Target Support Files/Pods-QWTabBarDome/Pods-QWTabBarDome.debug.xcconfig"; sourceTree = "<group>"; };
/* End PBXFileReference section */

/* Begin PBXFrameworksBuildPhase section */
		4D0E73F620941A3600D0034D /* Frameworks */ = {
			isa = PBXFrameworksBuildPhase;
			buildActionMask = 2147483647;
			files = (
				00AD1A0DC64DFB82950B2B4D /* libPods-QWTabBarDome.a in Frameworks */,
			);
			runOnlyForDeploymentPostprocessing = 0;
		};
/* End PBXFrameworksBuildPhase section */

/* Begin PBXGroup section */
		11FB1EC002740D20F46C9956 /* Pods */ = {
			isa = PBXGroup;
			children = (
				A8F8C7E24D720A54D1C81AEE /* Pods-QWTabBarDome.debug.xcconfig */,
				A5E26367BD959747B2541108 /* Pods-QWTabBarDome.release.xcconfig */,
			);
			name = Pods;
			sourceTree = "<group>";
		};
		4D0E73F020941A3600D0034D = {
			isa = PBXGroup;
			children = (
				4D0E73FB20941A3600D0034D /* QWTabBarDome */,
				4D0E73FA20941A3600D0034D /* Products */,
				11FB1EC002740D20F46C9956 /* Pods */,
				81513C1D72A1EE22064FF149 /* Frameworks */,
			);
			sourceTree = "<group>";
		};
		4D0E73FA20941A3600D0034D /* Products */ = {
			isa = PBXGroup;
			children = (
				4D0E73F920941A3600D0034D /* QWTabBarDome.app */,
			);
			name = Products;
			sourceTree = "<group>";
		};
		4D0E73FB20941A3600D0034D /* QWTabBarDome */ = {
			isa = PBXGroup;
			children = (
				7B744332259031D7005C4BFD /* Classes */,
				4D0E73FC20941A3600D0034D /* AppDelegate.h */,
				4D0E73FD20941A3600D0034D /* AppDelegate.m */,
				4D1F6F00209AF128004242E6 /* QWTabBarController.h */,
				4D1F6F04209AF128004242E6 /* QWTabBarController.m */,
				4D0E740520941A3700D0034D /* Assets.xcassets */,
				4D0E740A20941A3700D0034D /* Info.plist */,
				4D0E740B20941A3700D0034D /* main.m */,
				4D13E08720A049F8003284FA /* TestViewController.h */,
				4D13E08820A049F8003284FA /* TestViewController.m */,
			);
			path = QWTabBarDome;
			sourceTree = "<group>";
		};
		7B744332259031D7005C4BFD /* Classes */ = {
			isa = PBXGroup;
			children = (
				7B744333259031D7005C4BFD /* QWTabBarItem.h */,
				7B744334259031D7005C4BFD /* QWTabBarBadge.h */,
				7B744335259031D7005C4BFD /* .gitkeep */,
				7B744336259031D7005C4BFD /* QWTabBar.h */,
				7B744337259031D7005C4BFD /* QWTabBarItem.m */,
				7B744338259031D7005C4BFD /* QWTabBarBadge.m */,
				7B744339259031D7005C4BFD /* QWTabBar.m */,
			);
			name = Classes;
			path = ../../QWTabBar/Classes;
			sourceTree = "<group>";
		};
		81513C1D72A1EE22064FF149 /* Frameworks */ = {
			isa = PBXGroup;
			children = (
				A74A55B535292BFCAD2E7258 /* libPods-QWTabBarDome.a */,
			);
			name = Frameworks;
			sourceTree = "<group>";
		};
/* End PBXGroup section */

/* Begin PBXNativeTarget section */
		4D0E73F820941A3600D0034D /* QWTabBarDome */ = {
			isa = PBXNativeTarget;
			buildConfigurationList = 4D0E740F20941A3700D0034D /* Build configuration list for PBXNativeTarget "QWTabBarDome" */;
			buildPhases = (
				6F123E6D24918537EF4E6262 /* [CP] Check Pods Manifest.lock */,
				4D0E73F520941A3600D0034D /* Sources */,
				4D0E73F620941A3600D0034D /* Frameworks */,
				4D0E73F720941A3600D0034D /* Resources */,
			);
			buildRules = (
			);
			dependencies = (
			);
			name = QWTabBarDome;
			productName = QWTabBarDome;
			productReference = 4D0E73F920941A3600D0034D /* QWTabBarDome.app */;
			productType = "com.apple.product-type.application";
		};
/* End PBXNativeTarget section */

/* Begin PBXProject section */
		4D0E73F120941A3600D0034D /* Project object */ = {
			isa = PBXProject;
			attributes = {
				LastUpgradeCheck = 0930;
				ORGANIZATIONNAME = "卿伟";
				TargetAttributes = {
					4D0E73F820941A3600D0034D = {
						CreatedOnToolsVersion = 9.3;
					};
				};
			};
			buildConfigurationList = 4D0E73F420941A3600D0034D /* Build configuration list for PBXProject "QWTabBarDome" */;
			compatibilityVersion = "Xcode 9.3";
			developmentRegion = en;
			hasScannedForEncodings = 0;
			knownRegions = (
				en,
				Base,
			);
			mainGroup = 4D0E73F020941A3600D0034D;
			productRefGroup = 4D0E73FA20941A3600D0034D /* Products */;
			projectDirPath = "";
			projectRoot = "";
			targets = (
				4D0E73F820941A3600D0034D /* QWTabBarDome */,
			);
		};
/* End PBXProject section */

/* Begin PBXResourcesBuildPhase section */
		4D0E73F720941A3600D0034D /* Resources */ = {
			isa = PBXResourcesBuildPhase;
			buildActionMask = 2147483647;
			files = (
				4D0E740620941A3700D0034D /* Assets.xcassets in Resources */,
				7B74433A259031D7005C4BFD /* .gitkeep in Resources */,
			);
			runOnlyForDeploymentPostprocessing = 0;
		};
/* End PBXResourcesBuildPhase section */

/* Begin PBXShellScriptBuildPhase section */
		6F123E6D24918537EF4E6262 /* [CP] Check Pods Manifest.lock */ = {
			isa = PBXShellScriptBuildPhase;
			buildActionMask = 2147483647;
			files = (
			);
			inputFileListPaths = (
			);
			inputPaths = (
				"${PODS_PODFILE_DIR_PATH}/Podfile.lock",
				"${PODS_ROOT}/Manifest.lock",
			);
			name = "[CP] Check Pods Manifest.lock";
			outputFileListPaths = (
			);
			outputPaths = (
				"$(DERIVED_FILE_DIR)/Pods-QWTabBarDome-checkManifestLockResult.txt",
			);
			runOnlyForDeploymentPostprocessing = 0;
			shellPath = /bin/sh;
			shellScript = "diff \"${PODS_PODFILE_DIR_PATH}/Podfile.lock\" \"${PODS_ROOT}/Manifest.lock\" > /dev/null\nif [ $? != 0 ] ; then\n    # print error to STDERR\n    echo \"error: The sandbox is not in sync with the Podfile.lock. Run 'pod install' or update your CocoaPods installation.\" >&2\n    exit 1\nfi\n# This output is used by Xcode 'outputs' to avoid re-running this script phase.\necho \"SUCCESS\" > \"${SCRIPT_OUTPUT_FILE_0}\"\n";
			showEnvVarsInLog = 0;
		};
/* End PBXShellScriptBuildPhase section */

/* Begin PBXSourcesBuildPhase section */
		4D0E73F520941A3600D0034D /* Sources */ = {
			isa = PBXSourcesBuildPhase;
			buildActionMask = 2147483647;
			files = (
				7B74433D259031D7005C4BFD /* QWTabBar.m in Sources */,
				4D13E08920A049F8003284FA /* TestViewController.m in Sources */,
				7B74433C259031D7005C4BFD /* QWTabBarBadge.m in Sources */,
				4D0E740C20941A3700D0034D /* main.m in Sources */,
				7B74433B259031D7005C4BFD /* QWTabBarItem.m in Sources */,
				4D1F6F08209AF128004242E6 /* QWTabBarController.m in Sources */,
				4D0E73FE20941A3600D0034D /* AppDelegate.m in Sources */,
			);
			runOnlyForDeploymentPostprocessing = 0;
		};
/* End PBXSourcesBuildPhase section */

/* Begin XCBuildConfiguration section */
		4D0E740D20941A3700D0034D /* Debug */ = {
			isa = XCBuildConfiguration;
			buildSettings = {
				ALWAYS_SEARCH_USER_PATHS = NO;
				CLANG_ANALYZER_NONNULL = YES;
				CLANG_ANALYZER_NUMBER_OBJECT_CONVERSION = YES_AGGRESSIVE;
				CLANG_CXX_LANGUAGE_STANDARD = "gnu++14";
				CLANG_CXX_LIBRARY = "libc++";
				CLANG_ENABLE_MODULES = YES;
				CLANG_ENABLE_OBJC_ARC = YES;
				CLANG_ENABLE_OBJC_WEAK = YES;
				CLANG_WARN_BLOCK_CAPTURE_AUTORELEASING = YES;
				CLANG_WARN_BOOL_CONVERSION = YES;
				CLANG_WARN_COMMA = YES;
				CLANG_WARN_CONSTANT_CONVERSION = YES;
				CLANG_WARN_DEPRECATED_OBJC_IMPLEMENTATIONS = YES;
				CLANG_WARN_DIRECT_OBJC_ISA_USAGE = YES_ERROR;
				CLANG_WARN_DOCUMENTATION_COMMENTS = YES;
				CLANG_WARN_EMPTY_BODY = YES;
				CLANG_WARN_ENUM_CONVERSION = YES;
				CLANG_WARN_INFINITE_RECURSION = YES;
				CLANG_WARN_INT_CONVERSION = YES;
				CLANG_WARN_NON_LITERAL_NULL_CONVERSION = YES;
				CLANG_WARN_OBJC_IMPLICIT_RETAIN_SELF = YES;
				CLANG_WARN_OBJC_LITERAL_CONVERSION = YES;
				CLANG_WARN_OBJC_ROOT_CLASS = YES_ERROR;
				CLANG_WARN_RANGE_LOOP_ANALYSIS = YES;
				CLANG_WARN_STRICT_PROTOTYPES = YES;
				CLANG_WARN_SUSPICIOUS_MOVE = YES;
				CLANG_WARN_UNGUARDED_AVAILABILITY = YES_AGGRESSIVE;
				CLANG_WARN_UNREACHABLE_CODE = YES;
				CLANG_WARN__DUPLICATE_METHOD_MATCH = YES;
				CODE_SIGN_IDENTITY = "iPhone Developer";
				COPY_PHASE_STRIP = NO;
				DEBUG_INFORMATION_FORMAT = dwarf;
				ENABLE_STRICT_OBJC_MSGSEND = YES;
				ENABLE_TESTABILITY = YES;
				GCC_C_LANGUAGE_STANDARD = gnu11;
				GCC_DYNAMIC_NO_PIC = NO;
				GCC_NO_COMMON_BLOCKS = YES;
				GCC_OPTIMIZATION_LEVEL = 0;
				GCC_PREPROCESSOR_DEFINITIONS = (
					"DEBUG=1",
					"$(inherited)",
				);
				GCC_WARN_64_TO_32_BIT_CONVERSION = YES;
				GCC_WARN_ABOUT_RETURN_TYPE = YES_ERROR;
				GCC_WARN_UNDECLARED_SELECTOR = YES;
				GCC_WARN_UNINITIALIZED_AUTOS = YES_AGGRESSIVE;
				GCC_WARN_UNUSED_FUNCTION = YES;
				GCC_WARN_UNUSED_VARIABLE = YES;
				IPHONEOS_DEPLOYMENT_TARGET = 11.3;
				MTL_ENABLE_DEBUG_INFO = YES;
				ONLY_ACTIVE_ARCH = YES;
				SDKROOT = iphoneos;
			};
			name = Debug;
		};
		4D0E740E20941A3700D0034D /* Release */ = {
			isa = XCBuildConfiguration;
			buildSettings = {
				ALWAYS_SEARCH_USER_PATHS = NO;
				CLANG_ANALYZER_NONNULL = YES;
				CLANG_ANALYZER_NUMBER_OBJECT_CONVERSION = YES_AGGRESSIVE;
				CLANG_CXX_LANGUAGE_STANDARD = "gnu++14";
				CLANG_CXX_LIBRARY = "libc++";
				CLANG_ENABLE_MODULES = YES;
				CLANG_ENABLE_OBJC_ARC = YES;
				CLANG_ENABLE_OBJC_WEAK = YES;
				CLANG_WARN_BLOCK_CAPTURE_AUTORELEASING = YES;
				CLANG_WARN_BOOL_CONVERSION = YES;
				CLANG_WARN_COMMA = YES;
				CLANG_WARN_CONSTANT_CONVERSION = YES;
				CLANG_WARN_DEPRECATED_OBJC_IMPLEMENTATIONS = YES;
				CLANG_WARN_DIRECT_OBJC_ISA_USAGE = YES_ERROR;
				CLANG_WARN_DOCUMENTATION_COMMENTS = YES;
				CLANG_WARN_EMPTY_BODY = YES;
				CLANG_WARN_ENUM_CONVERSION = YES;
				CLANG_WARN_INFINITE_RECURSION = YES;
				CLANG_WARN_INT_CONVERSION = YES;
				CLANG_WARN_NON_LITERAL_NULL_CONVERSION = YES;
				CLANG_WARN_OBJC_IMPLICIT_RETAIN_SELF = YES;
				CLANG_WARN_OBJC_LITERAL_CONVERSION = YES;
				CLANG_WARN_OBJC_ROOT_CLASS = YES_ERROR;
				CLANG_WARN_RANGE_LOOP_ANALYSIS = YES;
				CLANG_WARN_STRICT_PROTOTYPES = YES;
				CLANG_WARN_SUSPICIOUS_MOVE = YES;
				CLANG_WARN_UNGUARDED_AVAILABILITY = YES_AGGRESSIVE;
				CLANG_WARN_UNREACHABLE_CODE = YES;
				CLANG_WARN__DUPLICATE_METHOD_MATCH = YES;
				CODE_SIGN_IDENTITY = "iPhone Developer";
				COPY_PHASE_STRIP = NO;
				DEBUG_INFORMATION_FORMAT = "dwarf-with-dsym";
				ENABLE_NS_ASSERTIONS = NO;
				ENABLE_STRICT_OBJC_MSGSEND = YES;
				GCC_C_LANGUAGE_STANDARD = gnu11;
				GCC_NO_COMMON_BLOCKS = YES;
				GCC_WARN_64_TO_32_BIT_CONVERSION = YES;
				GCC_WARN_ABOUT_RETURN_TYPE = YES_ERROR;
				GCC_WARN_UNDECLARED_SELECTOR = YES;
				GCC_WARN_UNINITIALIZED_AUTOS = YES_AGGRESSIVE;
				GCC_WARN_UNUSED_FUNCTION = YES;
				GCC_WARN_UNUSED_VARIABLE = YES;
				IPHONEOS_DEPLOYMENT_TARGET = 11.3;
				MTL_ENABLE_DEBUG_INFO = NO;
				SDKROOT = iphoneos;
				VALIDATE_PRODUCT = YES;
			};
			name = Release;
		};
		4D0E741020941A3700D0034D /* Debug */ = {
			isa = XCBuildConfiguration;
			baseConfigurationReference = A8F8C7E24D720A54D1C81AEE /* Pods-QWTabBarDome.debug.xcconfig */;
			buildSettings = {
				ASSETCATALOG_COMPILER_APPICON_NAME = AppIcon;
				CODE_SIGN_STYLE = Automatic;
				DEVELOPMENT_TEAM = GTMB342TR8;
				INFOPLIST_FILE = QWTabBarDome/Info.plist;
				LD_RUNPATH_SEARCH_PATHS = (
					"$(inherited)",
					"@executable_path/Frameworks",
				);
				PRODUCT_BUNDLE_IDENTIFIER = com.QWTabBarDome;
				PRODUCT_NAME = "$(TARGET_NAME)";
				TARGETED_DEVICE_FAMILY = "1,2";
			};
			name = Debug;
		};
		4D0E741120941A3700D0034D /* Release */ = {
			isa = XCBuildConfiguration;
			baseConfigurationReference = A5E26367BD959747B2541108 /* Pods-QWTabBarDome.release.xcconfig */;
			buildSettings = {
				ASSETCATALOG_COMPILER_APPICON_NAME = AppIcon;
				CODE_SIGN_STYLE = Automatic;
				DEVELOPMENT_TEAM = GTMB342TR8;
				INFOPLIST_FILE = QWTabBarDome/Info.plist;
				LD_RUNPATH_SEARCH_PATHS = (
					"$(inherited)",
					"@executable_path/Frameworks",
				);
				PRODUCT_BUNDLE_IDENTIFIER = com.QWTabBarDome;
				PRODUCT_NAME = "$(TARGET_NAME)";
				TARGETED_DEVICE_FAMILY = "1,2";
			};
			name = Release;
		};
/* End XCBuildConfiguration section */

/* Begin XCConfigurationList section */
		4D0E73F420941A3600D0034D /* Build configuration list for PBXProject "QWTabBarDome" */ = {
			isa = XCConfigurationList;
			buildConfigurations = (
				4D0E740D20941A3700D0034D /* Debug */,
				4D0E740E20941A3700D0034D /* Release */,
			);
			defaultConfigurationIsVisible = 0;
			defaultConfigurationName = Release;
		};
		4D0E740F20941A3700D0034D /* Build configuration list for PBXNativeTarget "QWTabBarDome" */ = {
			isa = XCConfigurationList;
			buildConfigurations = (
				4D0E741020941A3700D0034D /* Debug */,
				4D0E741120941A3700D0034D /* Release */,
			);
			defaultConfigurationIsVisible = 0;
			defaultConfigurationName = Release;
		};
/* End XCConfigurationList section */
	};
	rootObject = 4D0E73F120941A3600D0034D /* Project object */;
}
